
Microsoft Visual Studio Solution File, Format Version 12.00
# Visual Studio 15
VisualStudioVersion = 15.0.28010.2050
MinimumVisualStudioVersion = 10.0.40219.1
Project("{FAE04EC0-301F-11D3-BF4B-00C04F79EFBC}") = "SkillBasedInit", "SkillBasedInit\SkillBasedInit.csproj", "{AEF3B8F8-0452-44E5-8A8B-337D1748EC9A}"
EndProject
Global
	GlobalSection(SolutionConfigurationPlatforms) = preSolution
		Debug|Any CPU = Debug|Any CPU
		Release|Any CPU = Release|Any CPU
	EndGlobalSection
	GlobalSection(ProjectConfigurationPlatforms) = postSolution
		{AEF3B8F8-0452-44E5-8A8B-337D1748EC9A}.Debug|Any CPU.ActiveCfg = Debug|Any CPU
		{AEF3B8F8-0452-44E5-8A8B-337D1748EC9A}.Debug|Any CPU.Build.0 = Debug|Any CPU
		{AEF3B8F8-0452-44E5-8A8B-337D1748EC9A}.Release|Any CPU.ActiveCfg = Release|Any CPU
		{AEF3B8F8-0452-44E5-8A8B-337D1748EC9A}.Release|Any CPU.Build.0 = Release|Any CPU
	EndGlobalSection
	GlobalSection(SolutionProperties) = preSolution
		HideSolutionNode = FALSE
	EndGlobalSection
	GlobalSection(ExtensibilityGlobals) = postSolution
		SolutionGuid = {6BFEEE78-CC2E-43F3-AE04-06B6FD9FF9F1}
	EndGlobalSection
EndGlobal
